
Microsoft Visual Studio Solution File, Format Version 12.00
# Visual Studio 15
VisualStudioVersion = 15.0.27428.2037
MinimumVisualStudioVersion = 10.0.40219.1
Project("{F184B08F-C81C-45F6-A57F-5ABD9991F28F}") = "JobWebApi", "JobWebApi.vbproj", "{83509C73-0244-4B30-ADA4-ECF5D52DBC0B}"
EndProject
Project("{F184B08F-C81C-45F6-A57F-5ABD9991F28F}") = "TestApp", "..\TestApp\TestApp.vbproj", "{3F7D59CD-0200-496D-96B0-23668EA08284}"
EndProject
Global
	GlobalSection(SolutionConfigurationPlatforms) = preSolution
		Debug|Any CPU = Debug|Any CPU
		Release|Any CPU = Release|Any CPU
	EndGlobalSection
	GlobalSection(ProjectConfigurationPlatforms) = postSolution
		{83509C73-0244-4B30-ADA4-ECF5D52DBC0B}.Debug|Any CPU.ActiveCfg = Debug|Any CPU
		{83509C73-0244-4B30-ADA4-ECF5D52DBC0B}.Debug|Any CPU.Build.0 = Debug|Any CPU
		{83509C73-0244-4B30-ADA4-ECF5D52DBC0B}.Release|Any CPU.ActiveCfg = Release|Any CPU
		{83509C73-0244-4B30-ADA4-ECF5D52DBC0B}.Release|Any CPU.Build.0 = Release|Any CPU
		{3F7D59CD-0200-496D-96B0-23668EA08284}.Debug|Any CPU.ActiveCfg = Debug|Any CPU
		{3F7D59CD-0200-496D-96B0-23668EA08284}.Debug|Any CPU.Build.0 = Debug|Any CPU
		{3F7D59CD-0200-496D-96B0-23668EA08284}.Release|Any CPU.ActiveCfg = Release|Any CPU
		{3F7D59CD-0200-496D-96B0-23668EA08284}.Release|Any CPU.Build.0 = Release|Any CPU
	EndGlobalSection
	GlobalSection(SolutionProperties) = preSolution
		HideSolutionNode = FALSE
	EndGlobalSection
	GlobalSection(ExtensibilityGlobals) = postSolution
		SolutionGuid = {32D233F9-3FC8-46B5-ABDB-77C76A42EB9A}
	EndGlobalSection
EndGlobal
